
Microsoft Visual Studio Solution File, Format Version 12.00
# Visual Studio 14
VisualStudioVersion = 14.0.25420.1
MinimumVisualStudioVersion = 10.0.40219.1
Project("{FAE04EC0-301F-11D3-BF4B-00C04F79EFBC}") = "Fonlow.TraceHub.Common", "Fonlow.Web.Logging.Common\Fonlow.TraceHub.Common.csproj", "{ED8EFF5F-1EF8-4FD1-AF11-85DF81CC1CDC}"
EndProject
Project("{FAE04EC0-301F-11D3-BF4B-00C04F79EFBC}") = "TestTraceListener", "TestTraceListener\TestTraceListener.csproj", "{A6690ACF-0CCE-4A47-ABD8-9F3B3AA04EC0}"
EndProject
Project("{FAE04EC0-301F-11D3-BF4B-00C04F79EFBC}") = "Fonlow.HubTraceListener", "Fonlow.HubTraceListener\Fonlow.HubTraceListener.csproj", "{1D268C59-F0A1-4FC5-8A40-FBD91818C208}"
EndProject
Project("{FAE04EC0-301F-11D3-BF4B-00C04F79EFBC}") = "Fonlow.TraceHub.MVC", "Fonlow.TraceHub\Fonlow.TraceHub.MVC.csproj", "{4C66A58A-983D-4051-9F9A-5148E906012D}"
EndProject
Project("{FAE04EC0-301F-11D3-BF4B-00C04F79EFBC}") = "Fonlow.TraceHubConsole", "Fonlow.TraceHubConsole\Fonlow.TraceHubConsole.csproj", "{F456E813-1551-44E0-BD16-EA6D35DA1A61}"
EndProject
Project("{FAE04EC0-301F-11D3-BF4B-00C04F79EFBC}") = "Fonlow.TraceHub.Security", "Fonlow.TraceHub.Security\Fonlow.TraceHub.Security.csproj", "{4223AFDD-0BB2-4575-BDE7-6F55BBE94992}"
EndProject
Project("{FAE04EC0-301F-11D3-BF4B-00C04F79EFBC}") = "AuthDbCreator", "AuthDbCreator\AuthDbCreator.csproj", "{CE6C5C03-6D66-4B74-BC0B-E3413937A51F}"
EndProject
Project("{2150E333-8FDC-42A3-9474-1A3956D46DE8}") = "Solution Items", "Solution Items", "{FD8CD723-C961-4B20-9E45-8628063D9E90}"
	ProjectSection(SolutionItems) = preProject
		ReleaseBuild.bat = ReleaseBuild.bat
		SolutionInfo.cs = SolutionInfo.cs
		TraceHub.msbuild = TraceHub.msbuild
	EndProjectSection
EndProject
Project("{FAE04EC0-301F-11D3-BF4B-00C04F79EFBC}") = "Fonlow.TraceHub.Core", "Fonlow.TraceHub.Core\Fonlow.TraceHub.Core.csproj", "{69C595A5-887A-429C-B226-DD03BF85DD6B}"
EndProject
Project("{FAE04EC0-301F-11D3-BF4B-00C04F79EFBC}") = "Fonlow.TraceHub.Slim", "Fonlow.TraceHubSlim\Fonlow.TraceHub.Slim.csproj", "{A11B36B1-9513-40D2-A349-99AE6C6B8DAB}"
EndProject
Project("{FAE04EC0-301F-11D3-BF4B-00C04F79EFBC}") = "CoreTests", "Tests\CoreTests\CoreTests.csproj", "{E1EE5653-677A-4171-B49F-B2C43B5B5705}"
EndProject
Project("{2150E333-8FDC-42A3-9474-1A3956D46DE8}") = "Tests", "Tests", "{7CF9E7BE-85A2-4603-AECB-8319E9EF9D68}"
EndProject
Global
	GlobalSection(SolutionConfigurationPlatforms) = preSolution
		Debug|Any CPU = Debug|Any CPU
		Release|Any CPU = Release|Any CPU
	EndGlobalSection
	GlobalSection(ProjectConfigurationPlatforms) = postSolution
		{ED8EFF5F-1EF8-4FD1-AF11-85DF81CC1CDC}.Debug|Any CPU.ActiveCfg = Debug|Any CPU
		{ED8EFF5F-1EF8-4FD1-AF11-85DF81CC1CDC}.Debug|Any CPU.Build.0 = Debug|Any CPU
		{ED8EFF5F-1EF8-4FD1-AF11-85DF81CC1CDC}.Release|Any CPU.ActiveCfg = Release|Any CPU
		{ED8EFF5F-1EF8-4FD1-AF11-85DF81CC1CDC}.Release|Any CPU.Build.0 = Release|Any CPU
		{A6690ACF-0CCE-4A47-ABD8-9F3B3AA04EC0}.Debug|Any CPU.ActiveCfg = Debug|Any CPU
		{A6690ACF-0CCE-4A47-ABD8-9F3B3AA04EC0}.Debug|Any CPU.Build.0 = Debug|Any CPU
		{A6690ACF-0CCE-4A47-ABD8-9F3B3AA04EC0}.Release|Any CPU.ActiveCfg = Release|Any CPU
		{A6690ACF-0CCE-4A47-ABD8-9F3B3AA04EC0}.Release|Any CPU.Build.0 = Release|Any CPU
		{1D268C59-F0A1-4FC5-8A40-FBD91818C208}.Debug|Any CPU.ActiveCfg = Debug|Any CPU
		{1D268C59-F0A1-4FC5-8A40-FBD91818C208}.Debug|Any CPU.Build.0 = Debug|Any CPU
		{1D268C59-F0A1-4FC5-8A40-FBD91818C208}.Release|Any CPU.ActiveCfg = Release|Any CPU
		{1D268C59-F0A1-4FC5-8A40-FBD91818C208}.Release|Any CPU.Build.0 = Release|Any CPU
		{4C66A58A-983D-4051-9F9A-5148E906012D}.Debug|Any CPU.ActiveCfg = Debug|Any CPU
		{4C66A58A-983D-4051-9F9A-5148E906012D}.Debug|Any CPU.Build.0 = Debug|Any CPU
		{4C66A58A-983D-4051-9F9A-5148E906012D}.Release|Any CPU.ActiveCfg = Release|Any CPU
		{4C66A58A-983D-4051-9F9A-5148E906012D}.Release|Any CPU.Build.0 = Release|Any CPU
		{F456E813-1551-44E0-BD16-EA6D35DA1A61}.Debug|Any CPU.ActiveCfg = Debug|Any CPU
		{F456E813-1551-44E0-BD16-EA6D35DA1A61}.Debug|Any CPU.Build.0 = Debug|Any CPU
		{F456E813-1551-44E0-BD16-EA6D35DA1A61}.Release|Any CPU.ActiveCfg = Release|Any CPU
		{F456E813-1551-44E0-BD16-EA6D35DA1A61}.Release|Any CPU.Build.0 = Release|Any CPU
		{4223AFDD-0BB2-4575-BDE7-6F55BBE94992}.Debug|Any CPU.ActiveCfg = Debug|Any CPU
		{4223AFDD-0BB2-4575-BDE7-6F55BBE94992}.Debug|Any CPU.Build.0 = Debug|Any CPU
		{4223AFDD-0BB2-4575-BDE7-6F55BBE94992}.Release|Any CPU.ActiveCfg = Release|Any CPU
		{4223AFDD-0BB2-4575-BDE7-6F55BBE94992}.Release|Any CPU.Build.0 = Release|Any CPU
		{CE6C5C03-6D66-4B74-BC0B-E3413937A51F}.Debug|Any CPU.ActiveCfg = Debug|Any CPU
		{CE6C5C03-6D66-4B74-BC0B-E3413937A51F}.Debug|Any CPU.Build.0 = Debug|Any CPU
		{CE6C5C03-6D66-4B74-BC0B-E3413937A51F}.Release|Any CPU.ActiveCfg = Release|Any CPU
		{CE6C5C03-6D66-4B74-BC0B-E3413937A51F}.Release|Any CPU.Build.0 = Release|Any CPU
		{69C595A5-887A-429C-B226-DD03BF85DD6B}.Debug|Any CPU.ActiveCfg = Debug|Any CPU
		{69C595A5-887A-429C-B226-DD03BF85DD6B}.Debug|Any CPU.Build.0 = Debug|Any CPU
		{69C595A5-887A-429C-B226-DD03BF85DD6B}.Release|Any CPU.ActiveCfg = Release|Any CPU
		{69C595A5-887A-429C-B226-DD03BF85DD6B}.Release|Any CPU.Build.0 = Release|Any CPU
		{A11B36B1-9513-40D2-A349-99AE6C6B8DAB}.Debug|Any CPU.ActiveCfg = Debug|Any CPU
		{A11B36B1-9513-40D2-A349-99AE6C6B8DAB}.Debug|Any CPU.Build.0 = Debug|Any CPU
		{A11B36B1-9513-40D2-A349-99AE6C6B8DAB}.Release|Any CPU.ActiveCfg = Release|Any CPU
		{A11B36B1-9513-40D2-A349-99AE6C6B8DAB}.Release|Any CPU.Build.0 = Release|Any CPU
		{E1EE5653-677A-4171-B49F-B2C43B5B5705}.Debug|Any CPU.ActiveCfg = Debug|Any CPU
		{E1EE5653-677A-4171-B49F-B2C43B5B5705}.Debug|Any CPU.Build.0 = Debug|Any CPU
		{E1EE5653-677A-4171-B49F-B2C43B5B5705}.Release|Any CPU.ActiveCfg = Release|Any CPU
		{E1EE5653-677A-4171-B49F-B2C43B5B5705}.Release|Any CPU.Build.0 = Release|Any CPU
	EndGlobalSection
	GlobalSection(SolutionProperties) = preSolution
		HideSolutionNode = FALSE
	EndGlobalSection
	GlobalSection(NestedProjects) = preSolution
		{E1EE5653-677A-4171-B49F-B2C43B5B5705} = {7CF9E7BE-85A2-4603-AECB-8319E9EF9D68}
	EndGlobalSection
EndGlobal
